// !$*UTF8*$!
{
	archiveVersion = 1;
	classes = {
	};
	objectVersion = 50;
	objects = {

/* Begin PBXBuildFile section */
		1F3A21672410277D0059D437 /* Colors.swift in Sources */ = {isa = PBXBuildFile; fileRef = 1F3A21662410277D0059D437 /* Colors.swift */; };
		1FB8BFFD23E9ACE400CD1447 /* AppDelegate.swift in Sources */ = {isa = PBXBuildFile; fileRef = 1FB8BFFC23E9ACE400CD1447 /* AppDelegate.swift */; };
		1FB8BFFF23E9ACE400CD1447 /* SceneDelegate.swift in Sources */ = {isa = PBXBuildFile; fileRef = 1FB8BFFE23E9ACE400CD1447 /* SceneDelegate.swift */; };
		1FB8C00123E9ACE400CD1447 /* ViewController.swift in Sources */ = {isa = PBXBuildFile; fileRef = 1FB8C00023E9ACE400CD1447 /* ViewController.swift */; };
		1FB8C00423E9ACE400CD1447 /* Main.storyboard in Resources */ = {isa = PBXBuildFile; fileRef = 1FB8C00223E9ACE400CD1447 /* Main.storyboard */; };
		1FB8C00623E9ACE500CD1447 /* Assets.xcassets in Resources */ = {isa = PBXBuildFile; fileRef = 1FB8C00523E9ACE500CD1447 /* Assets.xcassets */; };
		1FB8C00923E9ACE500CD1447 /* LaunchScreen.storyboard in Resources */ = {isa = PBXBuildFile; fileRef = 1FB8C00723E9ACE500CD1447 /* LaunchScreen.storyboard */; };
/* End PBXBuildFile section */

/* Begin PBXFileReference section */
		1F3A21662410277D0059D437 /* Colors.swift */ = {isa = PBXFileReference; lastKnownFileType = sourcecode.swift; path = Colors.swift; sourceTree = "<group>"; };
		1FB8BFF923E9ACE400CD1447 /* iOS Color Picker.app */ = {isa = PBXFileReference; explicitFileType = wrapper.application; includeInIndex = 0; path = "iOS Color Picker.app"; sourceTree = BUILT_PRODUCTS_DIR; };
		1FB8BFFC23E9ACE400CD1447 /* AppDelegate.swift */ = {isa = PBXFileReference; lastKnownFileType = sourcecode.swift; path = AppDelegate.swift; sourceTree = "<group>"; };
		1FB8BFFE23E9ACE400CD1447 /* SceneDelegate.swift */ = {isa = PBXFileReference; lastKnownFileType = sourcecode.swift; path = SceneDelegate.swift; sourceTree = "<group>"; };
		1FB8C00023E9ACE400CD1447 /* ViewController.swift */ = {isa = PBXFileReference; lastKnownFileType = sourcecode.swift; path = ViewController.swift; sourceTree = "<group>"; };
		1FB8C00323E9ACE400CD1447 /* Base */ = {isa = PBXFileReference; lastKnownFileType = file.storyboard; name = Base; path = Base.lproj/Main.storyboard; sourceTree = "<group>"; };
		1FB8C00523E9ACE500CD1447 /* Assets.xcassets */ = {isa = PBXFileReference; lastKnownFileType = folder.assetcatalog; path = Assets.xcassets; sourceTree = "<group>"; };
		1FB8C00823E9ACE500CD1447 /* Base */ = {isa = PBXFileReference; lastKnownFileType = file.storyboard; name = Base; path = Base.lproj/LaunchScreen.storyboard; sourceTree = "<group>"; };
		1FB8C00A23E9ACE500CD1447 /* Info.plist */ = {isa = PBXFileReference; lastKnownFileType = text.plist.xml; path = Info.plist; sourceTree = "<group>"; };
/* End PBXFileReference section */

/* Begin PBXFrameworksBuildPhase section */
		1FB8BFF623E9ACE400CD1447 /* Frameworks */ = {
			isa = PBXFrameworksBuildPhase;
			buildActionMask = 2147483647;
			files = (
			);
			runOnlyForDeploymentPostprocessing = 0;
		};
/* End PBXFrameworksBuildPhase section */

/* Begin PBXGroup section */
		1F3A2168241029910059D437 /* Model */ = {
			isa = PBXGroup;
			children = (
				1F3A21662410277D0059D437 /* Colors.swift */,
			);
			path = Model;
			sourceTree = "<group>";
		};
		1F3A216924102A460059D437 /* Controller */ = {
			isa = PBXGroup;
			children = (
				1FB8C00023E9ACE400CD1447 /* ViewController.swift */,
			);
			path = Controller;
			sourceTree = "<group>";
		};
		1F3A216A24102AC30059D437 /* View */ = {
			isa = PBXGroup;
			children = (
				1FB8C00223E9ACE400CD1447 /* Main.storyboard */,
			);
			path = View;
			sourceTree = "<group>";
		};
		1FB8BFF023E9ACE400CD1447 = {
			isa = PBXGroup;
			children = (
				1FB8BFFB23E9ACE400CD1447 /* iOS Color Picker */,
				1FB8BFFA23E9ACE400CD1447 /* Products */,
			);
			sourceTree = "<group>";
		};
		1FB8BFFA23E9ACE400CD1447 /* Products */ = {
			isa = PBXGroup;
			children = (
				1FB8BFF923E9ACE400CD1447 /* iOS Color Picker.app */,
			);
			name = Products;
			sourceTree = "<group>";
		};
		1FB8BFFB23E9ACE400CD1447 /* iOS Color Picker */ = {
			isa = PBXGroup;
			children = (
				1FB8BFFC23E9ACE400CD1447 /* AppDelegate.swift */,
				1FB8BFFE23E9ACE400CD1447 /* SceneDelegate.swift */,
				1F3A2168241029910059D437 /* Model */,
				1F3A216A24102AC30059D437 /* View */,
				1F3A216924102A460059D437 /* Controller */,
				1FB8C00523E9ACE500CD1447 /* Assets.xcassets */,
				1FB8C00723E9ACE500CD1447 /* LaunchScreen.storyboard */,
				1FB8C00A23E9ACE500CD1447 /* Info.plist */,
			);
			path = "iOS Color Picker";
			sourceTree = "<group>";
		};
/* End PBXGroup section */

/* Begin PBXNativeTarget section */
		1FB8BFF823E9ACE400CD1447 /* iOS Color Picker */ = {
			isa = PBXNativeTarget;
			buildConfigurationList = 1FB8C00D23E9ACE500CD1447 /* Build configuration list for PBXNativeTarget "iOS Color Picker" */;
			buildPhases = (
				1FB8BFF523E9ACE400CD1447 /* Sources */,
				1FB8BFF623E9ACE400CD1447 /* Frameworks */,
				1FB8BFF723E9ACE400CD1447 /* Resources */,
			);
			buildRules = (
			);
			dependencies = (
			);
			name = "iOS Color Picker";
			productName = "iOS Color Picker";
			productReference = 1FB8BFF923E9ACE400CD1447 /* iOS Color Picker.app */;
			productType = "com.apple.product-type.application";
		};
/* End PBXNativeTarget section */

/* Begin PBXProject section */
		1FB8BFF123E9ACE400CD1447 /* Project object */ = {
			isa = PBXProject;
			attributes = {
				LastSwiftUpdateCheck = 1130;
				LastUpgradeCheck = 1130;
				ORGANIZATIONNAME = Padman;
				TargetAttributes = {
					1FB8BFF823E9ACE400CD1447 = {
						CreatedOnToolsVersion = 11.3;
					};
				};
			};
			buildConfigurationList = 1FB8BFF423E9ACE400CD1447 /* Build configuration list for PBXProject "iOS Color Picker" */;
			compatibilityVersion = "Xcode 9.3";
			developmentRegion = en;
			hasScannedForEncodings = 0;
			knownRegions = (
				en,
				Base,
			);
			mainGroup = 1FB8BFF023E9ACE400CD1447;
			productRefGroup = 1FB8BFFA23E9ACE400CD1447 /* Products */;
			projectDirPath = "";
			projectRoot = "";
			targets = (
				1FB8BFF823E9ACE400CD1447 /* iOS Color Picker */,
			);
		};
/* End PBXProject section */

/* Begin PBXResourcesBuildPhase section */
		1FB8BFF723E9ACE400CD1447 /* Resources */ = {
			isa = PBXResourcesBuildPhase;
			buildActionMask = 2147483647;
			files = (
				1FB8C00923E9ACE500CD1447 /* LaunchScreen.storyboard in Resources */,
				1FB8C00623E9ACE500CD1447 /* Assets.xcassets in Resources */,
				1FB8C00423E9ACE400CD1447 /* Main.storyboard in Resources */,
			);
			runOnlyForDeploymentPostprocessing = 0;
		};
/* End PBXResourcesBuildPhase section */

/* Begin PBXSourcesBuildPhase section */
		1FB8BFF523E9ACE400CD1447 /* Sources */ = {
			isa = PBXSourcesBuildPhase;
			buildActionMask = 2147483647;
			files = (
				1FB8C00123E9ACE400CD1447 /* ViewController.swift in Sources */,
				1F3A21672410277D0059D437 /* Colors.swift in Sources */,
				1FB8BFFD23E9ACE400CD1447 /* AppDelegate.swift in Sources */,
				1FB8BFFF23E9ACE400CD1447 /* SceneDelegate.swift in Sources */,
			);
			runOnlyForDeploymentPostprocessing = 0;
		};
/* End PBXSourcesBuildPhase section */

/* Begin PBXVariantGroup section */
		1FB8C00223E9ACE400CD1447 /* Main.storyboard */ = {
			isa = PBXVariantGroup;
			children = (
				1FB8C00323E9ACE400CD1447 /* Base */,
			);
			name = Main.storyboard;
			sourceTree = "<group>";
		};
		1FB8C00723E9ACE500CD1447 /* LaunchScreen.storyboard */ = {
			isa = PBXVariantGroup;
			children = (
				1FB8C00823E9ACE500CD1447 /* Base */,
			);
			name = LaunchScreen.storyboard;
			sourceTree = "<group>";
		};
/* End PBXVariantGroup section */

/* Begin XCBuildConfiguration section */
		1FB8C00B23E9ACE500CD1447 /* Debug */ = {
			isa = XCBuildConfiguration;
			buildSettings = {
				ALWAYS_SEARCH_USER_PATHS = NO;
				CLANG_ANALYZER_NONNULL = YES;
				CLANG_ANALYZER_NUMBER_OBJECT_CONVERSION = YES_AGGRESSIVE;
				CLANG_CXX_LANGUAGE_STANDARD = "gnu++14";
				CLANG_CXX_LIBRARY = "libc++";
				CLANG_ENABLE_MODULES = YES;
				CLANG_ENABLE_OBJC_ARC = YES;
				CLANG_ENABLE_OBJC_WEAK = YES;
				CLANG_WARN_BLOCK_CAPTURE_AUTORELEASING = YES;
				CLANG_WARN_BOOL_CONVERSION = YES;
				CLANG_WARN_COMMA = YES;
				CLANG_WARN_CONSTANT_CONVERSION = YES;
				CLANG_WARN_DEPRECATED_OBJC_IMPLEMENTATIONS = YES;
				CLANG_WARN_DIRECT_OBJC_ISA_USAGE = YES_ERROR;
				CLANG_WARN_DOCUMENTATION_COMMENTS = YES;
				CLANG_WARN_EMPTY_BODY = YES;
				CLANG_WARN_ENUM_CONVERSION = YES;
				CLANG_WARN_INFINITE_RECURSION = YES;
				CLANG_WARN_INT_CONVERSION = YES;
				CLANG_WARN_NON_LITERAL_NULL_CONVERSION = YES;
				CLANG_WARN_OBJC_IMPLICIT_RETAIN_SELF = YES;
				CLANG_WARN_OBJC_LITERAL_CONVERSION = YES;
				CLANG_WARN_OBJC_ROOT_CLASS = YES_ERROR;
				CLANG_WARN_RANGE_LOOP_ANALYSIS = YES;
				CLANG_WARN_STRICT_PROTOTYPES = YES;
				CLANG_WARN_SUSPICIOUS_MOVE = YES;
				CLANG_WARN_UNGUARDED_AVAILABILITY = YES_AGGRESSIVE;
				CLANG_WARN_UNREACHABLE_CODE = YES;
				CLANG_WARN__DUPLICATE_METHOD_MATCH = YES;
				COPY_PHASE_STRIP = NO;
				DEBUG_INFORMATION_FORMAT = dwarf;
				ENABLE_STRICT_OBJC_MSGSEND = YES;
				ENABLE_TESTABILITY = YES;
				GCC_C_LANGUAGE_STANDARD = gnu11;
				GCC_DYNAMIC_NO_PIC = NO;
				GCC_NO_COMMON_BLOCKS = YES;
				GCC_OPTIMIZATION_LEVEL = 0;
				GCC_PREPROCESSOR_DEFINITIONS = (
					"DEBUG=1",
					"$(inherited)",
				);
				GCC_WARN_64_TO_32_BIT_CONVERSION = YES;
				GCC_WARN_ABOUT_RETURN_TYPE = YES_ERROR;
				GCC_WARN_UNDECLARED_SELECTOR = YES;
				GCC_WARN_UNINITIALIZED_AUTOS = YES_AGGRESSIVE;
				GCC_WARN_UNUSED_FUNCTION = YES;
				GCC_WARN_UNUSED_VARIABLE = YES;
				IPHONEOS_DEPLOYMENT_TARGET = 13.2;
				MTL_ENABLE_DEBUG_INFO = INCLUDE_SOURCE;
				MTL_FAST_MATH = YES;
				ONLY_ACTIVE_ARCH = YES;
				SDKROOT = iphoneos;
				SWIFT_ACTIVE_COMPILATION_CONDITIONS = DEBUG;
				SWIFT_OPTIMIZATION_LEVEL = "-Onone";
			};
			name = Debug;
		};
		1FB8C00C23E9ACE500CD1447 /* Release */ = {
			isa = XCBuildConfiguration;
			buildSettings = {
				ALWAYS_SEARCH_USER_PATHS = NO;
				CLANG_ANALYZER_NONNULL = YES;
				CLANG_ANALYZER_NUMBER_OBJECT_CONVERSION = YES_AGGRESSIVE;
				CLANG_CXX_LANGUAGE_STANDARD = "gnu++14";
				CLANG_CXX_LIBRARY = "libc++";
				CLANG_ENABLE_MODULES = YES;
				CLANG_ENABLE_OBJC_ARC = YES;
				CLANG_ENABLE_OBJC_WEAK = YES;
				CLANG_WARN_BLOCK_CAPTURE_AUTORELEASING = YES;
				CLANG_WARN_BOOL_CONVERSION = YES;
				CLANG_WARN_COMMA = YES;
				CLANG_WARN_CONSTANT_CONVERSION = YES;
				CLANG_WARN_DEPRECATED_OBJC_IMPLEMENTATIONS = YES;
				CLANG_WARN_DIRECT_OBJC_ISA_USAGE = YES_ERROR;
				CLANG_WARN_DOCUMENTATION_COMMENTS = YES;
				CLANG_WARN_EMPTY_BODY = YES;
				CLANG_WARN_ENUM_CONVERSION = YES;
				CLANG_WARN_INFINITE_RECURSION = YES;
				CLANG_WARN_INT_CONVERSION = YES;
				CLANG_WARN_NON_LITERAL_NULL_CONVERSION = YES;
				CLANG_WARN_OBJC_IMPLICIT_RETAIN_SELF = YES;
				CLANG_WARN_OBJC_LITERAL_CONVERSION = YES;
				CLANG_WARN_OBJC_ROOT_CLASS = YES_ERROR;
				CLANG_WARN_RANGE_LOOP_ANALYSIS = YES;
				CLANG_WARN_STRICT_PROTOTYPES = YES;
				CLANG_WARN_SUSPICIOUS_MOVE = YES;
				CLANG_WARN_UNGUARDED_AVAILABILITY = YES_AGGRESSIVE;
				CLANG_WARN_UNREACHABLE_CODE = YES;
				CLANG_WARN__DUPLICATE_METHOD_MATCH = YES;
				COPY_PHASE_STRIP = NO;
				DEBUG_INFORMATION_FORMAT = "dwarf-with-dsym";
				ENABLE_NS_ASSERTIONS = NO;
				ENABLE_STRICT_OBJC_MSGSEND = YES;
				GCC_C_LANGUAGE_STANDARD = gnu11;
				GCC_NO_COMMON_BLOCKS = YES;
				GCC_WARN_64_TO_32_BIT_CONVERSION = YES;
				GCC_WARN_ABOUT_RETURN_TYPE = YES_ERROR;
				GCC_WARN_UNDECLARED_SELECTOR = YES;
				GCC_WARN_UNINITIALIZED_AUTOS = YES_AGGRESSIVE;
				GCC_WARN_UNUSED_FUNCTION = YES;
				GCC_WARN_UNUSED_VARIABLE = YES;
				IPHONEOS_DEPLOYMENT_TARGET = 13.2;
				MTL_ENABLE_DEBUG_INFO = NO;
				MTL_FAST_MATH = YES;
				SDKROOT = iphoneos;
				SWIFT_COMPILATION_MODE = wholemodule;
				SWIFT_OPTIMIZATION_LEVEL = "-O";
				VALIDATE_PRODUCT = YES;
			};
			name = Release;
		};
		1FB8C00E23E9ACE500CD1447 /* Debug */ = {
			isa = XCBuildConfiguration;
			buildSettings = {
				ASSETCATALOG_COMPILER_APPICON_NAME = AppIcon;
				CODE_SIGN_STYLE = Automatic;
				INFOPLIST_FILE = "iOS Color Picker/Info.plist";
				LD_RUNPATH_SEARCH_PATHS = (
					"$(inherited)",
					"@executable_path/Frameworks",
				);
				PRODUCT_BUNDLE_IDENTIFIER = "Padman-Selvamanickam.iOS-Color-Picker";
				PRODUCT_NAME = "$(TARGET_NAME)";
				SWIFT_VERSION = 5.0;
				TARGETED_DEVICE_FAMILY = 1;
			};
			name = Debug;
		};
		1FB8C00F23E9ACE500CD1447 /* Release */ = {
			isa = XCBuildConfiguration;
			buildSettings = {
				ASSETCATALOG_COMPILER_APPICON_NAME = AppIcon;
				CODE_SIGN_STYLE = Automatic;
				INFOPLIST_FILE = "iOS Color Picker/Info.plist";
				LD_RUNPATH_SEARCH_PATHS = (
					"$(inherited)",
					"@executable_path/Frameworks",
				);
				PRODUCT_BUNDLE_IDENTIFIER = "Padman-Selvamanickam.iOS-Color-Picker";
				PRODUCT_NAME = "$(TARGET_NAME)";
				SWIFT_VERSION = 5.0;
				TARGETED_DEVICE_FAMILY = 1;
			};
			name = Release;
		};
/* End XCBuildConfiguration section */

/* Begin XCConfigurationList section */
		1FB8BFF423E9ACE400CD1447 /* Build configuration list for PBXProject "iOS Color Picker" */ = {
			isa = XCConfigurationList;
			buildConfigurations = (
				1FB8C00B23E9ACE500CD1447 /* Debug */,
				1FB8C00C23E9ACE500CD1447 /* Release */,
			);
			defaultConfigurationIsVisible = 0;
			defaultConfigurationName = Release;
		};
		1FB8C00D23E9ACE500CD1447 /* Build configuration list for PBXNativeTarget "iOS Color Picker" */ = {
			isa = XCConfigurationList;
			buildConfigurations = (
				1FB8C00E23E9ACE500CD1447 /* Debug */,
				1FB8C00F23E9ACE500CD1447 /* Release */,
			);
			defaultConfigurationIsVisible = 0;
			defaultConfigurationName = Release;
		};
/* End XCConfigurationList section */
	};
	rootObject = 1FB8BFF123E9ACE400CD1447 /* Project object */;
}
